
Microsoft Visual Studio Solution File, Format Version 12.00
# Visual Studio 15
VisualStudioVersion = 15.0.27130.2026
MinimumVisualStudioVersion = 10.0.40219.1
Project("{2150E333-8FDC-42A3-9474-1A3956D46DE8}") = "1.2 - WriteModels", "1.2 - WriteModels", "{46013CB6-E039-442C-83E3-B4D25580AB3C}"
EndProject
Project("{2150E333-8FDC-42A3-9474-1A3956D46DE8}") = "1.1 - ReadModels", "1.1 - ReadModels", "{07571FB5-6F45-49A6-85DF-E4AA17EEB073}"
EndProject
Project("{9A19103F-16F7-4668-BE54-9A1E7A4F7556}") = "WriteModel.Integration.Tests", "tests\WriteModel.Integration.Tests\WriteModel.Integration.Tests.csproj", "{939155D4-904D-4944-9E9F-622DBB2B783D}"
EndProject
Project("{2150E333-8FDC-42A3-9474-1A3956D46DE8}") = "src", "src", "{0829A1B6-96F1-4403-A974-4D18395F8EAC}"
EndProject
Project("{2150E333-8FDC-42A3-9474-1A3956D46DE8}") = "test", "test", "{5DDA5D89-8053-400F-9AD5-F8D8D4331801}"
EndProject
Project("{2150E333-8FDC-42A3-9474-1A3956D46DE8}") = "integration", "integration", "{936876DC-5DBE-4068-8226-D73C87D9A4B7}"
EndProject
Project("{2150E333-8FDC-42A3-9474-1A3956D46DE8}") = "unit", "unit", "{62E0FF01-40B9-4DBD-B854-2B84D4ACE3F5}"
EndProject
Project("{9A19103F-16F7-4668-BE54-9A1E7A4F7556}") = "EventSourcingPoc.Tests", "tests\unit\EventSourcingPoc.Tests\EventSourcingPoc.Tests.csproj", "{96CD1C4A-49F0-4E4F-84DE-7D66ABB90D09}"
EndProject
Project("{9A19103F-16F7-4668-BE54-9A1E7A4F7556}") = "Domain.Tests", "tests\unit\Domain.Tests\Domain.Tests.csproj", "{121E1576-3BA8-46FC-B6EB-333C4DED528A}"
EndProject
Project("{9A19103F-16F7-4668-BE54-9A1E7A4F7556}") = "EventSourcing.Application.Commands", "src\EventSourcing.Application\EventSourcing.Application.Commands.csproj", "{EB5AF125-2C46-4BE0-9F61-15540C7C9194}"
EndProject
Project("{9A19103F-16F7-4668-BE54-9A1E7A4F7556}") = "EventSourcing.ReadModel", "src\ReadModel.Users\EventSourcing.ReadModel.csproj", "{D24F1450-31FF-479C-B2DE-8B4940BC2598}"
EndProject
Project("{9A19103F-16F7-4668-BE54-9A1E7A4F7556}") = "EventSourcing.Application.Queries", "src\EventSourcing.Application.Queries\EventSourcing.Application.Queries.csproj", "{6D2515AF-663A-4946-AB36-CE433023B735}"
EndProject
Project("{9A19103F-16F7-4668-BE54-9A1E7A4F7556}") = "EventSourcing.Application.EventHandlers", "src\EventSourcing.Application.EventHandlers\EventSourcing.Application.EventHandlers.csproj", "{157BE4BA-0E1E-44BE-BE9B-BECB69D960AB}"
EndProject
Project("{2150E333-8FDC-42A3-9474-1A3956D46DE8}") = "1 - Layers", "1 - Layers", "{12A73AB8-DE4B-4F01-937D-4E1588286BF7}"
EndProject
Project("{2150E333-8FDC-42A3-9474-1A3956D46DE8}") = "1.3 - Application", "1.3 - Application", "{BD4ACAE5-A80B-4920-B1C1-4B4F33FE5070}"
EndProject
Project("{2150E333-8FDC-42A3-9474-1A3956D46DE8}") = "1.4 - Domain", "1.4 - Domain", "{872E2A5B-DA21-494B-8D5A-744869BA0BA3}"
EndProject
Project("{2150E333-8FDC-42A3-9474-1A3956D46DE8}") = "1.5 - Persistence", "1.5 - Persistence", "{A15C5D8E-CB7D-43E0-B205-4F84A372916B}"
EndProject
Project("{2150E333-8FDC-42A3-9474-1A3956D46DE8}") = "1.6 - Infrastructure", "1.6 - Infrastructure", "{CFF9D42B-7C72-4CE1-AD31-ABC1209C1B00}"
EndProject
Project("{9A19103F-16F7-4668-BE54-9A1E7A4F7556}") = "EventSourcing.Persistence.ElasticSearch", "src\EventSourcing.Persistence.ElasticSearch\EventSourcing.Persistence.ElasticSearch.csproj", "{C315A34A-C284-40F6-9049-0B9B0DBC0F7C}"
EndProject
Project("{9A19103F-16F7-4668-BE54-9A1E7A4F7556}") = "EventSourcing.Data.Model", "src\EventSourcing.Data.Model\EventSourcing.Data.Model.csproj", "{1F55F547-2C6B-445B-8C1D-E0A6C7847EEA}"
EndProject
Project("{9A19103F-16F7-4668-BE54-9A1E7A4F7556}") = "EventSourcing.Infrastructure.IoC", "src\EventSourcing.Infrastructure.IoC\EventSourcing.Infrastructure.IoC.csproj", "{BDF24626-1FB2-4659-AD82-26FEC862E137}"
EndProject
Project("{9A19103F-16F7-4668-BE54-9A1E7A4F7556}") = "EventSourcing.Application.Events", "src\EventSourcing.Application.Events\EventSourcing.Application.Events.csproj", "{D0978D2B-0C7D-49F3-885A-686EA1DDCBE9}"
EndProject
Project("{9A19103F-16F7-4668-BE54-9A1E7A4F7556}") = "EventSourcing.Application.Dto", "src\EventSourcing.Application.Dto\EventSourcing.Application.Dto.csproj", "{5136A6A5-02EC-4A3A-B0CD-8A0F2AD207E0}"
EndProject
Project("{9A19103F-16F7-4668-BE54-9A1E7A4F7556}") = "EventSourcing.Domain", "src\EventSourcing.Domain\EventSourcing.Domain.csproj", "{4C683623-D7E8-46B0-8545-D859B9E2B114}"
EndProject
Project("{9A19103F-16F7-4668-BE54-9A1E7A4F7556}") = "EventSourcing.Persistence.Mongo", "src\EventSourcing.Persistence.Mongo\EventSourcing.Persistence.Mongo.csproj", "{6B752364-75F6-4026-B96A-7DCD71130E74}"
EndProject
Project("{9A19103F-16F7-4668-BE54-9A1E7A4F7556}") = "EventSourcing.Infrastructure", "src\EventSourcing.Infrastructure\EventSourcing.Infrastructure.csproj", "{DDF92A95-3107-411C-936B-03AE435B553E}"
EndProject
Project("{9A19103F-16F7-4668-BE54-9A1E7A4F7556}") = "EventSourcing.WriteModel", "src\EventSourcing.WriteModel\EventSourcing.WriteModel.csproj", "{14F99553-4FFC-4A27-A60F-04E92B730CFB}"
EndProject
Project("{2150E333-8FDC-42A3-9474-1A3956D46DE8}") = "Solution Items", "Solution Items", "{750C1259-EE62-4850-B7CD-FF607F624C13}"
	ProjectSection(SolutionItems) = preProject
		.dockerignore = .dockerignore
		.gitignore = .gitignore
		circle.yml = circle.yml
		docker-compose.yml = docker-compose.yml
		Dockerfile = Dockerfile
		README.md = README.md
	EndProjectSection
EndProject
Global
	GlobalSection(SolutionConfigurationPlatforms) = preSolution
		Debug|Any CPU = Debug|Any CPU
		Release|Any CPU = Release|Any CPU
	EndGlobalSection
	GlobalSection(ProjectConfigurationPlatforms) = postSolution
		{939155D4-904D-4944-9E9F-622DBB2B783D}.Debug|Any CPU.ActiveCfg = Debug|Any CPU
		{939155D4-904D-4944-9E9F-622DBB2B783D}.Debug|Any CPU.Build.0 = Debug|Any CPU
		{939155D4-904D-4944-9E9F-622DBB2B783D}.Release|Any CPU.ActiveCfg = Release|Any CPU
		{939155D4-904D-4944-9E9F-622DBB2B783D}.Release|Any CPU.Build.0 = Release|Any CPU
		{96CD1C4A-49F0-4E4F-84DE-7D66ABB90D09}.Debug|Any CPU.ActiveCfg = Debug|Any CPU
		{96CD1C4A-49F0-4E4F-84DE-7D66ABB90D09}.Debug|Any CPU.Build.0 = Debug|Any CPU
		{96CD1C4A-49F0-4E4F-84DE-7D66ABB90D09}.Release|Any CPU.ActiveCfg = Release|Any CPU
		{96CD1C4A-49F0-4E4F-84DE-7D66ABB90D09}.Release|Any CPU.Build.0 = Release|Any CPU
		{121E1576-3BA8-46FC-B6EB-333C4DED528A}.Debug|Any CPU.ActiveCfg = Debug|Any CPU
		{121E1576-3BA8-46FC-B6EB-333C4DED528A}.Debug|Any CPU.Build.0 = Debug|Any CPU
		{121E1576-3BA8-46FC-B6EB-333C4DED528A}.Release|Any CPU.ActiveCfg = Release|Any CPU
		{121E1576-3BA8-46FC-B6EB-333C4DED528A}.Release|Any CPU.Build.0 = Release|Any CPU
		{EB5AF125-2C46-4BE0-9F61-15540C7C9194}.Debug|Any CPU.ActiveCfg = Debug|Any CPU
		{EB5AF125-2C46-4BE0-9F61-15540C7C9194}.Debug|Any CPU.Build.0 = Debug|Any CPU
		{EB5AF125-2C46-4BE0-9F61-15540C7C9194}.Release|Any CPU.ActiveCfg = Release|Any CPU
		{EB5AF125-2C46-4BE0-9F61-15540C7C9194}.Release|Any CPU.Build.0 = Release|Any CPU
		{D24F1450-31FF-479C-B2DE-8B4940BC2598}.Debug|Any CPU.ActiveCfg = Debug|Any CPU
		{D24F1450-31FF-479C-B2DE-8B4940BC2598}.Debug|Any CPU.Build.0 = Debug|Any CPU
		{D24F1450-31FF-479C-B2DE-8B4940BC2598}.Release|Any CPU.ActiveCfg = Release|Any CPU
		{D24F1450-31FF-479C-B2DE-8B4940BC2598}.Release|Any CPU.Build.0 = Release|Any CPU
		{6D2515AF-663A-4946-AB36-CE433023B735}.Debug|Any CPU.ActiveCfg = Debug|Any CPU
		{6D2515AF-663A-4946-AB36-CE433023B735}.Debug|Any CPU.Build.0 = Debug|Any CPU
		{6D2515AF-663A-4946-AB36-CE433023B735}.Release|Any CPU.ActiveCfg = Release|Any CPU
		{6D2515AF-663A-4946-AB36-CE433023B735}.Release|Any CPU.Build.0 = Release|Any CPU
		{157BE4BA-0E1E-44BE-BE9B-BECB69D960AB}.Debug|Any CPU.ActiveCfg = Debug|Any CPU
		{157BE4BA-0E1E-44BE-BE9B-BECB69D960AB}.Debug|Any CPU.Build.0 = Debug|Any CPU
		{157BE4BA-0E1E-44BE-BE9B-BECB69D960AB}.Release|Any CPU.ActiveCfg = Release|Any CPU
		{157BE4BA-0E1E-44BE-BE9B-BECB69D960AB}.Release|Any CPU.Build.0 = Release|Any CPU
		{C315A34A-C284-40F6-9049-0B9B0DBC0F7C}.Debug|Any CPU.ActiveCfg = Debug|Any CPU
		{C315A34A-C284-40F6-9049-0B9B0DBC0F7C}.Debug|Any CPU.Build.0 = Debug|Any CPU
		{C315A34A-C284-40F6-9049-0B9B0DBC0F7C}.Release|Any CPU.ActiveCfg = Release|Any CPU
		{C315A34A-C284-40F6-9049-0B9B0DBC0F7C}.Release|Any CPU.Build.0 = Release|Any CPU
		{1F55F547-2C6B-445B-8C1D-E0A6C7847EEA}.Debug|Any CPU.ActiveCfg = Debug|Any CPU
		{1F55F547-2C6B-445B-8C1D-E0A6C7847EEA}.Debug|Any CPU.Build.0 = Debug|Any CPU
		{1F55F547-2C6B-445B-8C1D-E0A6C7847EEA}.Release|Any CPU.ActiveCfg = Release|Any CPU
		{1F55F547-2C6B-445B-8C1D-E0A6C7847EEA}.Release|Any CPU.Build.0 = Release|Any CPU
		{BDF24626-1FB2-4659-AD82-26FEC862E137}.Debug|Any CPU.ActiveCfg = Debug|Any CPU
		{BDF24626-1FB2-4659-AD82-26FEC862E137}.Debug|Any CPU.Build.0 = Debug|Any CPU
		{BDF24626-1FB2-4659-AD82-26FEC862E137}.Release|Any CPU.ActiveCfg = Release|Any CPU
		{BDF24626-1FB2-4659-AD82-26FEC862E137}.Release|Any CPU.Build.0 = Release|Any CPU
		{D0978D2B-0C7D-49F3-885A-686EA1DDCBE9}.Debug|Any CPU.ActiveCfg = Debug|Any CPU
		{D0978D2B-0C7D-49F3-885A-686EA1DDCBE9}.Debug|Any CPU.Build.0 = Debug|Any CPU
		{D0978D2B-0C7D-49F3-885A-686EA1DDCBE9}.Release|Any CPU.ActiveCfg = Release|Any CPU
		{D0978D2B-0C7D-49F3-885A-686EA1DDCBE9}.Release|Any CPU.Build.0 = Release|Any CPU
		{5136A6A5-02EC-4A3A-B0CD-8A0F2AD207E0}.Debug|Any CPU.ActiveCfg = Debug|Any CPU
		{5136A6A5-02EC-4A3A-B0CD-8A0F2AD207E0}.Debug|Any CPU.Build.0 = Debug|Any CPU
		{5136A6A5-02EC-4A3A-B0CD-8A0F2AD207E0}.Release|Any CPU.ActiveCfg = Release|Any CPU
		{5136A6A5-02EC-4A3A-B0CD-8A0F2AD207E0}.Release|Any CPU.Build.0 = Release|Any CPU
		{4C683623-D7E8-46B0-8545-D859B9E2B114}.Debug|Any CPU.ActiveCfg = Debug|Any CPU
		{4C683623-D7E8-46B0-8545-D859B9E2B114}.Debug|Any CPU.Build.0 = Debug|Any CPU
		{4C683623-D7E8-46B0-8545-D859B9E2B114}.Release|Any CPU.ActiveCfg = Release|Any CPU
		{4C683623-D7E8-46B0-8545-D859B9E2B114}.Release|Any CPU.Build.0 = Release|Any CPU
		{6B752364-75F6-4026-B96A-7DCD71130E74}.Debug|Any CPU.ActiveCfg = Debug|Any CPU
		{6B752364-75F6-4026-B96A-7DCD71130E74}.Debug|Any CPU.Build.0 = Debug|Any CPU
		{6B752364-75F6-4026-B96A-7DCD71130E74}.Release|Any CPU.ActiveCfg = Release|Any CPU
		{6B752364-75F6-4026-B96A-7DCD71130E74}.Release|Any CPU.Build.0 = Release|Any CPU
		{DDF92A95-3107-411C-936B-03AE435B553E}.Debug|Any CPU.ActiveCfg = Debug|Any CPU
		{DDF92A95-3107-411C-936B-03AE435B553E}.Debug|Any CPU.Build.0 = Debug|Any CPU
		{DDF92A95-3107-411C-936B-03AE435B553E}.Release|Any CPU.ActiveCfg = Release|Any CPU
		{DDF92A95-3107-411C-936B-03AE435B553E}.Release|Any CPU.Build.0 = Release|Any CPU
		{14F99553-4FFC-4A27-A60F-04E92B730CFB}.Debug|Any CPU.ActiveCfg = Debug|Any CPU
		{14F99553-4FFC-4A27-A60F-04E92B730CFB}.Debug|Any CPU.Build.0 = Debug|Any CPU
		{14F99553-4FFC-4A27-A60F-04E92B730CFB}.Release|Any CPU.ActiveCfg = Release|Any CPU
		{14F99553-4FFC-4A27-A60F-04E92B730CFB}.Release|Any CPU.Build.0 = Release|Any CPU
	EndGlobalSection
	GlobalSection(SolutionProperties) = preSolution
		HideSolutionNode = FALSE
	EndGlobalSection
	GlobalSection(NestedProjects) = preSolution
		{46013CB6-E039-442C-83E3-B4D25580AB3C} = {12A73AB8-DE4B-4F01-937D-4E1588286BF7}
		{07571FB5-6F45-49A6-85DF-E4AA17EEB073} = {12A73AB8-DE4B-4F01-937D-4E1588286BF7}
		{939155D4-904D-4944-9E9F-622DBB2B783D} = {936876DC-5DBE-4068-8226-D73C87D9A4B7}
		{936876DC-5DBE-4068-8226-D73C87D9A4B7} = {5DDA5D89-8053-400F-9AD5-F8D8D4331801}
		{62E0FF01-40B9-4DBD-B854-2B84D4ACE3F5} = {5DDA5D89-8053-400F-9AD5-F8D8D4331801}
		{96CD1C4A-49F0-4E4F-84DE-7D66ABB90D09} = {62E0FF01-40B9-4DBD-B854-2B84D4ACE3F5}
		{121E1576-3BA8-46FC-B6EB-333C4DED528A} = {62E0FF01-40B9-4DBD-B854-2B84D4ACE3F5}
		{EB5AF125-2C46-4BE0-9F61-15540C7C9194} = {BD4ACAE5-A80B-4920-B1C1-4B4F33FE5070}
		{D24F1450-31FF-479C-B2DE-8B4940BC2598} = {07571FB5-6F45-49A6-85DF-E4AA17EEB073}
		{6D2515AF-663A-4946-AB36-CE433023B735} = {BD4ACAE5-A80B-4920-B1C1-4B4F33FE5070}
		{157BE4BA-0E1E-44BE-BE9B-BECB69D960AB} = {BD4ACAE5-A80B-4920-B1C1-4B4F33FE5070}
		{12A73AB8-DE4B-4F01-937D-4E1588286BF7} = {0829A1B6-96F1-4403-A974-4D18395F8EAC}
		{BD4ACAE5-A80B-4920-B1C1-4B4F33FE5070} = {12A73AB8-DE4B-4F01-937D-4E1588286BF7}
		{872E2A5B-DA21-494B-8D5A-744869BA0BA3} = {12A73AB8-DE4B-4F01-937D-4E1588286BF7}
		{A15C5D8E-CB7D-43E0-B205-4F84A372916B} = {12A73AB8-DE4B-4F01-937D-4E1588286BF7}
		{CFF9D42B-7C72-4CE1-AD31-ABC1209C1B00} = {12A73AB8-DE4B-4F01-937D-4E1588286BF7}
		{C315A34A-C284-40F6-9049-0B9B0DBC0F7C} = {A15C5D8E-CB7D-43E0-B205-4F84A372916B}
		{1F55F547-2C6B-445B-8C1D-E0A6C7847EEA} = {A15C5D8E-CB7D-43E0-B205-4F84A372916B}
		{BDF24626-1FB2-4659-AD82-26FEC862E137} = {CFF9D42B-7C72-4CE1-AD31-ABC1209C1B00}
		{D0978D2B-0C7D-49F3-885A-686EA1DDCBE9} = {BD4ACAE5-A80B-4920-B1C1-4B4F33FE5070}
		{5136A6A5-02EC-4A3A-B0CD-8A0F2AD207E0} = {BD4ACAE5-A80B-4920-B1C1-4B4F33FE5070}
		{4C683623-D7E8-46B0-8545-D859B9E2B114} = {872E2A5B-DA21-494B-8D5A-744869BA0BA3}
		{6B752364-75F6-4026-B96A-7DCD71130E74} = {A15C5D8E-CB7D-43E0-B205-4F84A372916B}
		{DDF92A95-3107-411C-936B-03AE435B553E} = {CFF9D42B-7C72-4CE1-AD31-ABC1209C1B00}
		{14F99553-4FFC-4A27-A60F-04E92B730CFB} = {46013CB6-E039-442C-83E3-B4D25580AB3C}
	EndGlobalSection
	GlobalSection(ExtensibilityGlobals) = postSolution
		SolutionGuid = {0F93F80E-3376-4D21-9A3C-F171F6BDCAC8}
	EndGlobalSection
EndGlobal
